
Microsoft Visual Studio Solution File, Format Version 12.00
# Visual Studio Version 17
VisualStudioVersion = 17.5.002.0
MinimumVisualStudioVersion = 10.0.40219.1
Project("{9A19103F-16F7-4668-BE54-9A1E7A4F7556}") = "Objeto", "Objeto\Objeto.csproj", "{84011526-9095-4B59-90C8-6DE9AED86F69}"
EndProject
Global
	GlobalSection(SolutionConfigurationPlatforms) = preSolution
		Debug|Any CPU = Debug|Any CPU
		Release|Any CPU = Release|Any CPU
	EndGlobalSection
	GlobalSection(ProjectConfigurationPlatforms) = postSolution
		{84011526-9095-4B59-90C8-6DE9AED86F69}.Debug|Any CPU.ActiveCfg = Debug|Any CPU
		{84011526-9095-4B59-90C8-6DE9AED86F69}.Debug|Any CPU.Build.0 = Debug|Any CPU
		{84011526-9095-4B59-90C8-6DE9AED86F69}.Release|Any CPU.ActiveCfg = Release|Any CPU
		{84011526-9095-4B59-90C8-6DE9AED86F69}.Release|Any CPU.Build.0 = Release|Any CPU
	EndGlobalSection
	GlobalSection(SolutionProperties) = preSolution
		HideSolutionNode = FALSE
	EndGlobalSection
	GlobalSection(ExtensibilityGlobals) = postSolution
		SolutionGuid = {3EF5A8D0-6E5E-4872-94B3-7A142CD1321D}
	EndGlobalSection
EndGlobal
